// !$*UTF8*$!
{
	archiveVersion = 1;
	classes = {
	};
	objectVersion = 46;
	objects = {

/* Begin PBXBuildFile section */
		6808211019EB29C900BB59E6 /* Barriers.m in Sources */ = {isa = PBXBuildFile; fileRef = 6808210F19EB29C900BB59E6 /* Barriers.m */; };
		6892280319E86C8700C52DC4 /* Ball.m in Sources */ = {isa = PBXBuildFile; fileRef = 6892280219E86C8700C52DC4 /* Ball.m */; };
		68D726C719E47B120016F525 /* main.m in Sources */ = {isa = PBXBuildFile; fileRef = 68D726C619E47B120016F525 /* main.m */; };
		68D726CA19E47B120016F525 /* AppDelegate.m in Sources */ = {isa = PBXBuildFile; fileRef = 68D726C919E47B120016F525 /* AppDelegate.m */; };
		68D726CD19E47B120016F525 /* GameScene.m in Sources */ = {isa = PBXBuildFile; fileRef = 68D726CC19E47B120016F525 /* GameScene.m */; };
		68D726CF19E47B120016F525 /* GameScene.sks in Resources */ = {isa = PBXBuildFile; fileRef = 68D726CE19E47B120016F525 /* GameScene.sks */; };
		68D726D219E47B120016F525 /* GameViewController.m in Sources */ = {isa = PBXBuildFile; fileRef = 68D726D119E47B120016F525 /* GameViewController.m */; };
		68D726D519E47B120016F525 /* Main.storyboard in Resources */ = {isa = PBXBuildFile; fileRef = 68D726D319E47B120016F525 /* Main.storyboard */; };
		68D726D719E47B120016F525 /* Images.xcassets in Resources */ = {isa = PBXBuildFile; fileRef = 68D726D619E47B120016F525 /* Images.xcassets */; };
		68D726DA19E47B120016F525 /* LaunchScreen.xib in Resources */ = {isa = PBXBuildFile; fileRef = 68D726D819E47B120016F525 /* LaunchScreen.xib */; };
		68D726E619E47B120016F525 /* ArrayBallTestTests.m in Sources */ = {isa = PBXBuildFile; fileRef = 68D726E519E47B120016F525 /* ArrayBallTestTests.m */; };
		68D726F119E47B7C0016F525 /* Paddle.m in Sources */ = {isa = PBXBuildFile; fileRef = 68D726F019E47B7C0016F525 /* Paddle.m */; };
/* End PBXBuildFile section */

/* Begin PBXContainerItemProxy section */
		68D726E019E47B120016F525 /* PBXContainerItemProxy */ = {
			isa = PBXContainerItemProxy;
			containerPortal = 68D726B919E47B120016F525 /* Project object */;
			proxyType = 1;
			remoteGlobalIDString = 68D726C019E47B120016F525;
			remoteInfo = ArrayBallTest;
		};
/* End PBXContainerItemProxy section */

/* Begin PBXFileReference section */
		6808210E19EB29C900BB59E6 /* Barriers.h */ = {isa = PBXFileReference; fileEncoding = 4; lastKnownFileType = sourcecode.c.h; path = Barriers.h; sourceTree = "<group>"; };
		6808210F19EB29C900BB59E6 /* Barriers.m */ = {isa = PBXFileReference; fileEncoding = 4; lastKnownFileType = sourcecode.c.objc; path = Barriers.m; sourceTree = "<group>"; };
		6892280119E86C8700C52DC4 /* Ball.h */ = {isa = PBXFileReference; fileEncoding = 4; lastKnownFileType = sourcecode.c.h; path = Ball.h; sourceTree = "<group>"; };
		6892280219E86C8700C52DC4 /* Ball.m */ = {isa = PBXFileReference; fileEncoding = 4; lastKnownFileType = sourcecode.c.objc; path = Ball.m; sourceTree = "<group>"; };
		68D726C119E47B120016F525 /* ArrayBallTest.app */ = {isa = PBXFileReference; explicitFileType = wrapper.application; includeInIndex = 0; path = ArrayBallTest.app; sourceTree = BUILT_PRODUCTS_DIR; };
		68D726C519E47B120016F525 /* Info.plist */ = {isa = PBXFileReference; lastKnownFileType = text.plist.xml; path = Info.plist; sourceTree = "<group>"; };
		68D726C619E47B120016F525 /* main.m */ = {isa = PBXFileReference; lastKnownFileType = sourcecode.c.objc; path = main.m; sourceTree = "<group>"; };
		68D726C819E47B120016F525 /* AppDelegate.h */ = {isa = PBXFileReference; lastKnownFileType = sourcecode.c.h; path = AppDelegate.h; sourceTree = "<group>"; };
		68D726C919E47B120016F525 /* AppDelegate.m */ = {isa = PBXFileReference; lastKnownFileType = sourcecode.c.objc; path = AppDelegate.m; sourceTree = "<group>"; };
		68D726CB19E47B120016F525 /* GameScene.h */ = {isa = PBXFileReference; lastKnownFileType = sourcecode.c.h; path = GameScene.h; sourceTree = "<group>"; };
		68D726CC19E47B120016F525 /* GameScene.m */ = {isa = PBXFileReference; lastKnownFileType = sourcecode.c.objc; path = GameScene.m; sourceTree = "<group>"; };
		68D726CE19E47B120016F525 /* GameScene.sks */ = {isa = PBXFileReference; lastKnownFileType = file.sks; path = GameScene.sks; sourceTree = "<group>"; };
		68D726D019E47B120016F525 /* GameViewController.h */ = {isa = PBXFileReference; lastKnownFileType = sourcecode.c.h; path = GameViewController.h; sourceTree = "<group>"; };
		68D726D119E47B120016F525 /* GameViewController.m */ = {isa = PBXFileReference; lastKnownFileType = sourcecode.c.objc; path = GameViewController.m; sourceTree = "<group>"; };
		68D726D419E47B120016F525 /* Base */ = {isa = PBXFileReference; lastKnownFileType = file.storyboard; name = Base; path = Base.lproj/Main.storyboard; sourceTree = "<group>"; };
		68D726D619E47B120016F525 /* Images.xcassets */ = {isa = PBXFileReference; lastKnownFileType = folder.assetcatalog; path = Images.xcassets; sourceTree = "<group>"; };
		68D726D919E47B120016F525 /* Base */ = {isa = PBXFileReference; lastKnownFileType = file.xib; name = Base; path = Base.lproj/LaunchScreen.xib; sourceTree = "<group>"; };
		68D726DF19E47B120016F525 /* ArrayBallTestTests.xctest */ = {isa = PBXFileReference; explicitFileType = wrapper.cfbundle; includeInIndex = 0; path = ArrayBallTestTests.xctest; sourceTree = BUILT_PRODUCTS_DIR; };
		68D726E419E47B120016F525 /* Info.plist */ = {isa = PBXFileReference; lastKnownFileType = text.plist.xml; path = Info.plist; sourceTree = "<group>"; };
		68D726E519E47B120016F525 /* ArrayBallTestTests.m */ = {isa = PBXFileReference; lastKnownFileType = sourcecode.c.objc; path = ArrayBallTestTests.m; sourceTree = "<group>"; };
		68D726EF19E47B7C0016F525 /* Paddle.h */ = {isa = PBXFileReference; fileEncoding = 4; lastKnownFileType = sourcecode.c.h; path = Paddle.h; sourceTree = "<group>"; };
		68D726F019E47B7C0016F525 /* Paddle.m */ = {isa = PBXFileReference; fileEncoding = 4; lastKnownFileType = sourcecode.c.objc; path = Paddle.m; sourceTree = "<group>"; };
/* End PBXFileReference section */

/* Begin PBXFrameworksBuildPhase section */
		68D726BE19E47B120016F525 /* Frameworks */ = {
			isa = PBXFrameworksBuildPhase;
			buildActionMask = 2147483647;
			files = (
			);
			runOnlyForDeploymentPostprocessing = 0;
		};
		68D726DC19E47B120016F525 /* Frameworks */ = {
			isa = PBXFrameworksBuildPhase;
			buildActionMask = 2147483647;
			files = (
			);
			runOnlyForDeploymentPostprocessing = 0;
		};
/* End PBXFrameworksBuildPhase section */

/* Begin PBXGroup section */
		68D726B819E47B120016F525 = {
			isa = PBXGroup;
			children = (
				68D726C319E47B120016F525 /* ArrayBallTest */,
				68D726E219E47B120016F525 /* ArrayBallTestTests */,
				68D726C219E47B120016F525 /* Products */,
			);
			sourceTree = "<group>";
		};
		68D726C219E47B120016F525 /* Products */ = {
			isa = PBXGroup;
			children = (
				68D726C119E47B120016F525 /* ArrayBallTest.app */,
				68D726DF19E47B120016F525 /* ArrayBallTestTests.xctest */,
			);
			name = Products;
			sourceTree = "<group>";
		};
		68D726C319E47B120016F525 /* ArrayBallTest */ = {
			isa = PBXGroup;
			children = (
				68D726C819E47B120016F525 /* AppDelegate.h */,
				68D726C919E47B120016F525 /* AppDelegate.m */,
				68D726CB19E47B120016F525 /* GameScene.h */,
				68D726CC19E47B120016F525 /* GameScene.m */,
				68D726EF19E47B7C0016F525 /* Paddle.h */,
				68D726F019E47B7C0016F525 /* Paddle.m */,
				6892280119E86C8700C52DC4 /* Ball.h */,
				6892280219E86C8700C52DC4 /* Ball.m */,
				6808210E19EB29C900BB59E6 /* Barriers.h */,
				6808210F19EB29C900BB59E6 /* Barriers.m */,
				68D726CE19E47B120016F525 /* GameScene.sks */,
				68D726D019E47B120016F525 /* GameViewController.h */,
				68D726D119E47B120016F525 /* GameViewController.m */,
				68D726D319E47B120016F525 /* Main.storyboard */,
				68D726D619E47B120016F525 /* Images.xcassets */,
				68D726D819E47B120016F525 /* LaunchScreen.xib */,
				68D726C419E47B120016F525 /* Supporting Files */,
			);
			path = ArrayBallTest;
			sourceTree = "<group>";
		};
		68D726C419E47B120016F525 /* Supporting Files */ = {
			isa = PBXGroup;
			children = (
				68D726C519E47B120016F525 /* Info.plist */,
				68D726C619E47B120016F525 /* main.m */,
			);
			name = "Supporting Files";
			sourceTree = "<group>";
		};
		68D726E219E47B120016F525 /* ArrayBallTestTests */ = {
			isa = PBXGroup;
			children = (
				68D726E519E47B120016F525 /* ArrayBallTestTests.m */,
				68D726E319E47B120016F525 /* Supporting Files */,
			);
			path = ArrayBallTestTests;
			sourceTree = "<group>";
		};
		68D726E319E47B120016F525 /* Supporting Files */ = {
			isa = PBXGroup;
			children = (
				68D726E419E47B120016F525 /* Info.plist */,
			);
			name = "Supporting Files";
			sourceTree = "<group>";
		};
/* End PBXGroup section */

/* Begin PBXNativeTarget section */
		68D726C019E47B120016F525 /* ArrayBallTest */ = {
			isa = PBXNativeTarget;
			buildConfigurationList = 68D726E919E47B120016F525 /* Build configuration list for PBXNativeTarget "ArrayBallTest" */;
			buildPhases = (
				68D726BD19E47B120016F525 /* Sources */,
				68D726BE19E47B120016F525 /* Frameworks */,
				68D726BF19E47B120016F525 /* Resources */,
			);
			buildRules = (
			);
			dependencies = (
			);
			name = ArrayBallTest;
			productName = ArrayBallTest;
			productReference = 68D726C119E47B120016F525 /* ArrayBallTest.app */;
			productType = "com.apple.product-type.application";
		};
		68D726DE19E47B120016F525 /* ArrayBallTestTests */ = {
			isa = PBXNativeTarget;
			buildConfigurationList = 68D726EC19E47B120016F525 /* Build configuration list for PBXNativeTarget "ArrayBallTestTests" */;
			buildPhases = (
				68D726DB19E47B120016F525 /* Sources */,
				68D726DC19E47B120016F525 /* Frameworks */,
				68D726DD19E47B120016F525 /* Resources */,
			);
			buildRules = (
			);
			dependencies = (
				68D726E119E47B120016F525 /* PBXTargetDependency */,
			);
			name = ArrayBallTestTests;
			productName = ArrayBallTestTests;
			productReference = 68D726DF19E47B120016F525 /* ArrayBallTestTests.xctest */;
			productType = "com.apple.product-type.bundle.unit-test";
		};
/* End PBXNativeTarget section */

/* Begin PBXProject section */
		68D726B919E47B120016F525 /* Project object */ = {
			isa = PBXProject;
			attributes = {
				LastUpgradeCheck = 0600;
				ORGANIZATIONNAME = Noox;
				TargetAttributes = {
					68D726C019E47B120016F525 = {
						CreatedOnToolsVersion = 6.0.1;
					};
					68D726DE19E47B120016F525 = {
						CreatedOnToolsVersion = 6.0.1;
						TestTargetID = 68D726C019E47B120016F525;
					};
				};
			};
			buildConfigurationList = 68D726BC19E47B120016F525 /* Build configuration list for PBXProject "ArrayBallTest" */;
			compatibilityVersion = "Xcode 3.2";
			developmentRegion = English;
			hasScannedForEncodings = 0;
			knownRegions = (
				en,
				Base,
			);
			mainGroup = 68D726B819E47B120016F525;
			productRefGroup = 68D726C219E47B120016F525 /* Products */;
			projectDirPath = "";
			projectRoot = "";
			targets = (
				68D726C019E47B120016F525 /* ArrayBallTest */,
				68D726DE19E47B120016F525 /* ArrayBallTestTests */,
			);
		};
/* End PBXProject section */

/* Begin PBXResourcesBuildPhase section */
		68D726BF19E47B120016F525 /* Resources */ = {
			isa = PBXResourcesBuildPhase;
			buildActionMask = 2147483647;
			files = (
				68D726DA19E47B120016F525 /* LaunchScreen.xib in Resources */,
				68D726D719E47B120016F525 /* Images.xcassets in Resources */,
				68D726CF19E47B120016F525 /* GameScene.sks in Resources */,
				68D726D519E47B120016F525 /* Main.storyboard in Resources */,
			);
			runOnlyForDeploymentPostprocessing = 0;
		};
		68D726DD19E47B120016F525 /* Resources */ = {
			isa = PBXResourcesBuildPhase;
			buildActionMask = 2147483647;
			files = (
			);
			runOnlyForDeploymentPostprocessing = 0;
		};
/* End PBXResourcesBuildPhase section */

/* Begin PBXSourcesBuildPhase section */
		68D726BD19E47B120016F525 /* Sources */ = {
			isa = PBXSourcesBuildPhase;
			buildActionMask = 2147483647;
			files = (
				68D726D219E47B120016F525 /* GameViewController.m in Sources */,
				68D726CA19E47B120016F525 /* AppDelegate.m in Sources */,
				6892280319E86C8700C52DC4 /* Ball.m in Sources */,
				6808211019EB29C900BB59E6 /* Barriers.m in Sources */,
				68D726F119E47B7C0016F525 /* Paddle.m in Sources */,
				68D726CD19E47B120016F525 /* GameScene.m in Sources */,
				68D726C719E47B120016F525 /* main.m in Sources */,
			);
			runOnlyForDeploymentPostprocessing = 0;
		};
		68D726DB19E47B120016F525 /* Sources */ = {
			isa = PBXSourcesBuildPhase;
			buildActionMask = 2147483647;
			files = (
				68D726E619E47B120016F525 /* ArrayBallTestTests.m in Sources */,
			);
			runOnlyForDeploymentPostprocessing = 0;
		};
/* End PBXSourcesBuildPhase section */

/* Begin PBXTargetDependency section */
		68D726E119E47B120016F525 /* PBXTargetDependency */ = {
			isa = PBXTargetDependency;
			target = 68D726C019E47B120016F525 /* ArrayBallTest */;
			targetProxy = 68D726E019E47B120016F525 /* PBXContainerItemProxy */;
		};
/* End PBXTargetDependency section */

/* Begin PBXVariantGroup section */
		68D726D319E47B120016F525 /* Main.storyboard */ = {
			isa = PBXVariantGroup;
			children = (
				68D726D419E47B120016F525 /* Base */,
			);
			name = Main.storyboard;
			sourceTree = "<group>";
		};
		68D726D819E47B120016F525 /* LaunchScreen.xib */ = {
			isa = PBXVariantGroup;
			children = (
				68D726D919E47B120016F525 /* Base */,
			);
			name = LaunchScreen.xib;
			sourceTree = "<group>";
		};
/* End PBXVariantGroup section */

/* Begin XCBuildConfiguration section */
		68D726E719E47B120016F525 /* Debug */ = {
			isa = XCBuildConfiguration;
			buildSettings = {
				ALWAYS_SEARCH_USER_PATHS = NO;
				CLANG_CXX_LANGUAGE_STANDARD = "gnu++0x";
				CLANG_CXX_LIBRARY = "libc++";
				CLANG_ENABLE_MODULES = YES;
				CLANG_ENABLE_OBJC_ARC = YES;
				CLANG_WARN_BOOL_CONVERSION = YES;
				CLANG_WARN_CONSTANT_CONVERSION = YES;
				CLANG_WARN_DIRECT_OBJC_ISA_USAGE = YES_ERROR;
				CLANG_WARN_EMPTY_BODY = YES;
				CLANG_WARN_ENUM_CONVERSION = YES;
				CLANG_WARN_INT_CONVERSION = YES;
				CLANG_WARN_OBJC_ROOT_CLASS = YES_ERROR;
				CLANG_WARN_UNREACHABLE_CODE = YES;
				CLANG_WARN__DUPLICATE_METHOD_MATCH = YES;
				"CODE_SIGN_IDENTITY[sdk=iphoneos*]" = "iPhone Developer";
				COPY_PHASE_STRIP = NO;
				ENABLE_STRICT_OBJC_MSGSEND = YES;
				GCC_C_LANGUAGE_STANDARD = gnu99;
				GCC_DYNAMIC_NO_PIC = NO;
				GCC_OPTIMIZATION_LEVEL = 0;
				GCC_PREPROCESSOR_DEFINITIONS = (
					"DEBUG=1",
					"$(inherited)",
				);
				GCC_SYMBOLS_PRIVATE_EXTERN = NO;
				GCC_WARN_64_TO_32_BIT_CONVERSION = YES;
				GCC_WARN_ABOUT_RETURN_TYPE = YES_ERROR;
				GCC_WARN_UNDECLARED_SELECTOR = YES;
				GCC_WARN_UNINITIALIZED_AUTOS = YES_AGGRESSIVE;
				GCC_WARN_UNUSED_FUNCTION = YES;
				GCC_WARN_UNUSED_VARIABLE = YES;
				IPHONEOS_DEPLOYMENT_TARGET = 8.0;
				MTL_ENABLE_DEBUG_INFO = YES;
				ONLY_ACTIVE_ARCH = YES;
				SDKROOT = iphoneos;
			};
			name = Debug;
		};
		68D726E819E47B120016F525 /* Release */ = {
			isa = XCBuildConfiguration;
			buildSettings = {
				ALWAYS_SEARCH_USER_PATHS = NO;
				CLANG_CXX_LANGUAGE_STANDARD = "gnu++0x";
				CLANG_CXX_LIBRARY = "libc++";
				CLANG_ENABLE_MODULES = YES;
				CLANG_ENABLE_OBJC_ARC = YES;
				CLANG_WARN_BOOL_CONVERSION = YES;
				CLANG_WARN_CONSTANT_CONVERSION = YES;
				CLANG_WARN_DIRECT_OBJC_ISA_USAGE = YES_ERROR;
				CLANG_WARN_EMPTY_BODY = YES;
				CLANG_WARN_ENUM_CONVERSION = YES;
				CLANG_WARN_INT_CONVERSION = YES;
				CLANG_WARN_OBJC_ROOT_CLASS = YES_ERROR;
				CLANG_WARN_UNREACHABLE_CODE = YES;
				CLANG_WARN__DUPLICATE_METHOD_MATCH = YES;
				"CODE_SIGN_IDENTITY[sdk=iphoneos*]" = "iPhone Developer";
				COPY_PHASE_STRIP = YES;
				ENABLE_NS_ASSERTIONS = NO;
				ENABLE_STRICT_OBJC_MSGSEND = YES;
				GCC_C_LANGUAGE_STANDARD = gnu99;
				GCC_WARN_64_TO_32_BIT_CONVERSION = YES;
				GCC_WARN_ABOUT_RETURN_TYPE = YES_ERROR;
				GCC_WARN_UNDECLARED_SELECTOR = YES;
				GCC_WARN_UNINITIALIZED_AUTOS = YES_AGGRESSIVE;
				GCC_WARN_UNUSED_FUNCTION = YES;
				GCC_WARN_UNUSED_VARIABLE = YES;
				IPHONEOS_DEPLOYMENT_TARGET = 8.0;
				MTL_ENABLE_DEBUG_INFO = NO;
				SDKROOT = iphoneos;
				VALIDATE_PRODUCT = YES;
			};
			name = Release;
		};
		68D726EA19E47B120016F525 /* Debug */ = {
			isa = XCBuildConfiguration;
			buildSettings = {
				ASSETCATALOG_COMPILER_APPICON_NAME = AppIcon;
				CODE_SIGN_IDENTITY = "iPhone Developer";
				INFOPLIST_FILE = ArrayBallTest/Info.plist;
				LD_RUNPATH_SEARCH_PATHS = "$(inherited) @executable_path/Frameworks";
				PRODUCT_NAME = "$(TARGET_NAME)";
			};
			name = Debug;
		};
		68D726EB19E47B120016F525 /* Release */ = {
			isa = XCBuildConfiguration;
			buildSettings = {
				ASSETCATALOG_COMPILER_APPICON_NAME = AppIcon;
				CODE_SIGN_IDENTITY = "iPhone Developer";
				INFOPLIST_FILE = ArrayBallTest/Info.plist;
				LD_RUNPATH_SEARCH_PATHS = "$(inherited) @executable_path/Frameworks";
				PRODUCT_NAME = "$(TARGET_NAME)";
			};
			name = Release;
		};
		68D726ED19E47B120016F525 /* Debug */ = {
			isa = XCBuildConfiguration;
			buildSettings = {
				BUNDLE_LOADER = "$(TEST_HOST)";
				FRAMEWORK_SEARCH_PATHS = (
					"$(SDKROOT)/Developer/Library/Frameworks",
					"$(inherited)",
				);
				GCC_PREPROCESSOR_DEFINITIONS = (
					"DEBUG=1",
					"$(inherited)",
				);
				INFOPLIST_FILE = ArrayBallTestTests/Info.plist;
				LD_RUNPATH_SEARCH_PATHS = "$(inherited) @executable_path/Frameworks @loader_path/Frameworks";
				PRODUCT_NAME = "$(TARGET_NAME)";
				TEST_HOST = "$(BUILT_PRODUCTS_DIR)/ArrayBallTest.app/ArrayBallTest";
			};
			name = Debug;
		};
		68D726EE19E47B120016F525 /* Release */ = {
			isa = XCBuildConfiguration;
			buildSettings = {
				BUNDLE_LOADER = "$(TEST_HOST)";
				FRAMEWORK_SEARCH_PATHS = (
					"$(SDKROOT)/Developer/Library/Frameworks",
					"$(inherited)",
				);
				INFOPLIST_FILE = ArrayBallTestTests/Info.plist;
				LD_RUNPATH_SEARCH_PATHS = "$(inherited) @executable_path/Frameworks @loader_path/Frameworks";
				PRODUCT_NAME = "$(TARGET_NAME)";
				TEST_HOST = "$(BUILT_PRODUCTS_DIR)/ArrayBallTest.app/ArrayBallTest";
			};
			name = Release;
		};
/* End XCBuildConfiguration section */

/* Begin XCConfigurationList section */
		68D726BC19E47B120016F525 /* Build configuration list for PBXProject "ArrayBallTest" */ = {
			isa = XCConfigurationList;
			buildConfigurations = (
				68D726E719E47B120016F525 /* Debug */,
				68D726E819E47B120016F525 /* Release */,
			);
			defaultConfigurationIsVisible = 0;
			defaultConfigurationName = Release;
		};
		68D726E919E47B120016F525 /* Build configuration list for PBXNativeTarget "ArrayBallTest" */ = {
			isa = XCConfigurationList;
			buildConfigurations = (
				68D726EA19E47B120016F525 /* Debug */,
				68D726EB19E47B120016F525 /* Release */,
			);
			defaultConfigurationIsVisible = 0;
			defaultConfigurationName = Release;
		};
		68D726EC19E47B120016F525 /* Build configuration list for PBXNativeTarget "ArrayBallTestTests" */ = {
			isa = XCConfigurationList;
			buildConfigurations = (
				68D726ED19E47B120016F525 /* Debug */,
				68D726EE19E47B120016F525 /* Release */,
			);
			defaultConfigurationIsVisible = 0;
			defaultConfigurationName = Release;
		};
/* End XCConfigurationList section */
	};
	rootObject = 68D726B919E47B120016F525 /* Project object */;
}
